<?xml version="1.0" encoding="UTF-8" standalone="yes" ?>
<CodeBlocks_project_file>
	<FileVersion major="1" minor="6" />
	<Project>
		<Option title="Fractile" />
		<Option pch_mode="2" />
		<Option compiler="gcc" />
		<Build>
			<Target title="DebugWin">
				<Option output="bin/DebugWin/Fractile" prefix_auto="1" extension_auto="1" />
				<Option working_dir="bin/DebugWin" />
				<Option object_output="obj/DebugWin/" />
				<Option type="0" />
				<Option compiler="gcc" />
				<Compiler>
					<Add option="-g" />
				</Compiler>
			</Target>
			<Target title="ReleaseWin">
				<Option output="bin/ReleaseWin/Fractile" prefix_auto="1" extension_auto="1" />
				<Option working_dir="bin/ReleaseWin" />
				<Option object_output="obj/ReleaseWin/" />
				<Option type="0" />
				<Option compiler="gcc" />
				<Compiler>
					<Add option="-O2" />
				</Compiler>
				<Linker>
					<Add option="-s" />
				</Linker>
			</Target>
		</Build>
		<Compiler>
			<Add option="-Wall" />
		</Compiler>
		<Linker>
			<Add option="-lmingw32 -lSDL2main -lSDL2 -lwinmm -lSDL2_image -lSDL2_ttf" />
		</Linker>
		<Unit filename="fractal.c">
			<Option compilerVar="CC" />
		</Unit>
		<Unit filename="fractal.h" />
		<Unit filename="globals.h" />
		<Unit filename="graphics.c">
			<Option compilerVar="CC" />
		</Unit>
		<Unit filename="graphics.h" />
		<Unit filename="main.c">
			<Option compilerVar="CC" />
		</Unit>
		<Unit filename="mt19937int.c">
			<Option compilerVar="CC" />
		</Unit>
		<Unit filename="mt19937int.h" />
		<Unit filename="my_math.c">
			<Option compilerVar="CC" />
		</Unit>
		<Unit filename="my_math.h" />
		<Unit filename="rand.c">
			<Option compilerVar="CC" />
		</Unit>
		<Unit filename="rand.h" />
		<Unit filename="sidebar.c">
			<Option compilerVar="CC" />
		</Unit>
		<Unit filename="sidebar.h" />
		<Unit filename="utilities.c">
			<Option compilerVar="CC" />
		</Unit>
		<Unit filename="utilities.h" />
		<Extensions>
			<code_completion />
			<envvars />
			<debugger />
			<lib_finder disable_auto="1" />
			<DoxyBlocks>
				<comment_style block="0" line="0" />
				<doxyfile_project />
				<doxyfile_build />
				<doxyfile_warnings />
				<doxyfile_output />
				<doxyfile_dot />
				<general />
			</DoxyBlocks>
		</Extensions>
	</Project>
</CodeBlocks_project_file>
